# THIS IS AN AUTOGENERATED FILE. DO NOT EDIT THIS FILE DIRECTLY.
# yarn lockfile v1


async-validator@~1.8.1:
  version "1.8.2"
  resolved "https://registry.yarnpkg.com/async-validator/-/async-validator-1.8.2.tgz#b77597226e96242f8d531c0d46ae295f62422ba4"
  dependencies:
    babel-runtime "6.x"

babel-helper-vue-jsx-merge-props@^2.0.0:
  version "2.0.3"
  resolved "https://registry.yarnpkg.com/babel-helper-vue-jsx-merge-props/-/babel-helper-vue-jsx-merge-props-2.0.3.tgz#22aebd3b33902328e513293a8e4992b384f9f1b6"

babel-runtime@6.x:
  version "6.26.0"
  resolved "https://registry.yarnpkg.com/babel-runtime/-/babel-runtime-6.26.0.tgz#965c7058668e82b55d7bfe04ff2337bc8b5647fe"
  dependencies:
    core-js "^2.4.0"
    regenerator-runtime "^0.11.0"

core-js@^2.4.0:
  version "2.5.6"
  resolved "https://registry.yarnpkg.com/core-js/-/core-js-2.5.6.tgz#0fe6d45bf3cac3ac364a9d72de7576f4eb221b9d"

deepmerge@^1.2.0:
  version "1.5.2"
  resolved "https://registry.yarnpkg.com/deepmerge/-/deepmerge-1.5.2.tgz#10499d868844cdad4fee0842df8c7f6f0c95a753"

element-ui@^2.3.9:
  version "2.3.9"
  resolved "https://registry.yarnpkg.com/element-ui/-/element-ui-2.3.9.tgz#0c5996e74b375f2665d703c68bdb3269ae9269e0"
  dependencies:
    async-validator "~1.8.1"
    babel-helper-vue-jsx-merge-props "^2.0.0"
    deepmerge "^1.2.0"
    normalize-wheel "^1.0.1"
    resize-observer-polyfill "^1.5.0"
    throttle-debounce "^1.0.1"

normalize-wheel@^1.0.1:
  version "1.0.1"
  resolved "https://registry.yarnpkg.com/normalize-wheel/-/normalize-wheel-1.0.1.tgz#aec886affdb045070d856447df62ecf86146ec45"

regenerator-runtime@^0.11.0:
  version "0.11.1"
  resolved "https://registry.yarnpkg.com/regenerator-runtime/-/regenerator-runtime-0.11.1.tgz#be05ad7f9bf7d22e056f9726cee5017fbf19e2e9"

resize-observer-polyfill@^1.5.0:
  version "1.5.0"
  resolved "https://registry.yarnpkg.com/resize-observer-polyfill/-/resize-observer-polyfill-1.5.0.tgz#660ff1d9712a2382baa2cad450a4716209f9ca69"

throttle-debounce@^1.0.1:
  version "1.0.1"
  resolved "https://registry.yarnpkg.com/throttle-debounce/-/throttle-debounce-1.0.1.tgz#dad0fe130f9daf3719fdea33dc36a8e6ba7f30b5"
